// !$*UTF8*$!
{
	archiveVersion = 1;
	classes = {
	};
	objectVersion = 77;
	objects = {

/* Begin PBXBuildFile section */
		C900E1B82A73722D001C819C /* ImageFeedViewController.swift in Sources */ = {isa = PBXBuildFile; fileRef = C900E1B72A73722C001C819C /* ImageFeedViewController.swift */; };
		C900E1BA2A737243001C819C /* ImageCell.swift in Sources */ = {isa = PBXBuildFile; fileRef = C900E1B92A737242001C819C /* ImageCell.swift */; };
		C900E1BE2A737270001C819C /* ImageItem.swift in Sources */ = {isa = PBXBuildFile; fileRef = C900E1BD2A73726F001C819C /* ImageItem.swift */; };
		C900E1C02A737289001C819C /* ImageZoomAnimating.swift in Sources */ = {isa = PBXBuildFile; fileRef = C900E1BF2A737288001C819C /* ImageZoomAnimating.swift */; };
		C9B505422F763FAB00B85345 /* Assets.xcassets in Resources */ = {isa = PBXBuildFile; fileRef = C9B505392F763FAB00B85345 /* Assets.xcassets */; };
		C9B505442F763FAB00B85345 /* LaunchScreen.storyboard in Resources */ = {isa = PBXBuildFile; fileRef = C9B5053C2F763FAB00B85345 /* LaunchScreen.storyboard */; };
		C9B505462F763FAB00B85345 /* AppDelegate.swift in Sources */ = {isa = PBXBuildFile; fileRef = C9B505382F763FAB00B85345 /* AppDelegate.swift */; };
		C9B505472F763FAB00B85345 /* SceneDelegate.swift in Sources */ = {isa = PBXBuildFile; fileRef = C9B5053F2F763FAB00B85345 /* SceneDelegate.swift */; };
		C9F91D132A737AFC00F6F743 /* LocalImageProvider.swift in Sources */ = {isa = PBXBuildFile; fileRef = C9F91D122A737AFB00F6F743 /* LocalImageProvider.swift */; };
/* End PBXBuildFile section */

/* Begin PBXFileReference section */
		C900E1B72A73722C001C819C /* ImageFeedViewController.swift */ = {isa = PBXFileReference; lastKnownFileType = sourcecode.swift; path = ImageFeedViewController.swift; sourceTree = "<group>"; };
		C900E1B92A737242001C819C /* ImageCell.swift */ = {isa = PBXFileReference; lastKnownFileType = sourcecode.swift; path = ImageCell.swift; sourceTree = "<group>"; };
		C900E1BD2A73726F001C819C /* ImageItem.swift */ = {isa = PBXFileReference; lastKnownFileType = sourcecode.swift; path = ImageItem.swift; sourceTree = "<group>"; };
		C900E1BF2A737288001C819C /* ImageZoomAnimating.swift */ = {isa = PBXFileReference; lastKnownFileType = sourcecode.swift; path = ImageZoomAnimating.swift; sourceTree = "<group>"; };
		C9B505202F763FAB00B85345 /* ImageZoomAnimator.app */ = {isa = PBXFileReference; explicitFileType = wrapper.application; includeInIndex = 0; path = ImageZoomAnimator.app; sourceTree = BUILT_PRODUCTS_DIR; };
		C9B505382F763FAB00B85345 /* AppDelegate.swift */ = {isa = PBXFileReference; lastKnownFileType = sourcecode.swift; path = AppDelegate.swift; sourceTree = "<group>"; };
		C9B505392F763FAB00B85345 /* Assets.xcassets */ = {isa = PBXFileReference; lastKnownFileType = folder.assetcatalog; path = Assets.xcassets; sourceTree = "<group>"; };
		C9B5053A2F763FAB00B85345 /* Info.plist */ = {isa = PBXFileReference; lastKnownFileType = text.plist.xml; path = Info.plist; sourceTree = "<group>"; };
		C9B5053B2F763FAB00B85345 /* Base */ = {isa = PBXFileReference; lastKnownFileType = file.storyboard; name = Base; path = Base.lproj/LaunchScreen.storyboard; sourceTree = "<group>"; };
		C9B5053F2F763FAB00B85345 /* SceneDelegate.swift */ = {isa = PBXFileReference; lastKnownFileType = sourcecode.swift; path = SceneDelegate.swift; sourceTree = "<group>"; };
		C9F91D122A737AFB00F6F743 /* LocalImageProvider.swift */ = {isa = PBXFileReference; lastKnownFileType = sourcecode.swift; path = LocalImageProvider.swift; sourceTree = "<group>"; };
/* End PBXFileReference section */

/* Begin PBXFrameworksBuildPhase section */
		C9B5051D2F763FAB00B85345 /* Frameworks */ = {
			isa = PBXFrameworksBuildPhase;
			buildActionMask = 2147483647;
			files = (
			);
			runOnlyForDeploymentPostprocessing = 0;
		};
/* End PBXFrameworksBuildPhase section */

/* Begin PBXGroup section */
		C900E1B32A7371CB001C819C /* Presentation */ = {
			isa = PBXGroup;
			children = (
				C900E1B62A73721E001C819C /* ImageFeed */,
			);
			path = Presentation;
			sourceTree = "<group>";
		};
		C900E1B42A7371DD001C819C /* Services */ = {
			isa = PBXGroup;
			children = (
				C9F91D0F2A737AE500F6F743 /* ImageProvider */,
				C900E1BF2A737288001C819C /* ImageZoomAnimating.swift */,
			);
			path = Services;
			sourceTree = "<group>";
		};
		C900E1B52A7371EE001C819C /* Resources */ = {
			isa = PBXGroup;
			children = (
				C9B505392F763FAB00B85345 /* Assets.xcassets */,
			);
			path = Resources;
			sourceTree = "<group>";
		};
		C900E1B62A73721E001C819C /* ImageFeed */ = {
			isa = PBXGroup;
			children = (
				C900E1B72A73722C001C819C /* ImageFeedViewController.swift */,
				C900E1B92A737242001C819C /* ImageCell.swift */,
				C900E1BD2A73726F001C819C /* ImageItem.swift */,
			);
			path = ImageFeed;
			sourceTree = "<group>";
		};
		C9B505172F763FAB00B85345 = {
			isa = PBXGroup;
			children = (
				C9B505412F763FAB00B85345 /* ImageZoomAnimator */,
				C9B505212F763FAB00B85345 /* Products */,
			);
			sourceTree = "<group>";
		};
		C9B505212F763FAB00B85345 /* Products */ = {
			isa = PBXGroup;
			children = (
				C9B505202F763FAB00B85345 /* ImageZoomAnimator.app */,
			);
			name = Products;
			sourceTree = "<group>";
		};
		C9B505412F763FAB00B85345 /* ImageZoomAnimator */ = {
			isa = PBXGroup;
			children = (
				C9B505492F763FAB00B85345 /* App */,
				C900E1B32A7371CB001C819C /* Presentation */,
				C900E1B42A7371DD001C819C /* Services */,
				C900E1B52A7371EE001C819C /* Resources */,
				C9B5053A2F763FAB00B85345 /* Info.plist */,
				C9B5053C2F763FAB00B85345 /* LaunchScreen.storyboard */,
			);
			path = ImageZoomAnimator;
			sourceTree = "<group>";
		};
		C9B505492F763FAB00B85345 /* App */ = {
			isa = PBXGroup;
			children = (
				C9B505382F763FAB00B85345 /* AppDelegate.swift */,
				C9B5053F2F763FAB00B85345 /* SceneDelegate.swift */,
			);
			path = App;
			sourceTree = "<group>";
		};
		C9F91D0F2A737AE500F6F743 /* ImageProvider */ = {
			isa = PBXGroup;
			children = (
				C9F91D122A737AFB00F6F743 /* LocalImageProvider.swift */,
			);
			path = ImageProvider;
			sourceTree = "<group>";
		};
/* End PBXGroup section */

/* Begin PBXNativeTarget section */
		C9B5051F2F763FAB00B85345 /* ImageZoomAnimator */ = {
			isa = PBXNativeTarget;
			buildConfigurationList = C9B505332F763FAB00B85345 /* Build configuration list for PBXNativeTarget "ImageZoomAnimator" */;
			buildPhases = (
				C9B5051C2F763FAB00B85345 /* Sources */,
				C9B5051D2F763FAB00B85345 /* Frameworks */,
				C9B5051E2F763FAB00B85345 /* Resources */,
			);
			buildRules = (
			);
			dependencies = (
			);
			name = ImageZoomAnimator;
			packageProductDependencies = (
			);
			productName = ImageZoomAnimator;
			productReference = C9B505202F763FAB00B85345 /* ImageZoomAnimator.app */;
			productType = "com.apple.product-type.application";
		};
/* End PBXNativeTarget section */

/* Begin PBXProject section */
		C9B505182F763FAB00B85345 /* Project object */ = {
			isa = PBXProject;
			attributes = {
				BuildIndependentTargetsInParallel = 1;
				LastSwiftUpdateCheck = 2620;
				LastUpgradeCheck = 2620;
				TargetAttributes = {
					C9B5051F2F763FAB00B85345 = {
						CreatedOnToolsVersion = 26.2;
					};
				};
			};
			buildConfigurationList = C9B5051B2F763FAB00B85345 /* Build configuration list for PBXProject "ImageZoomAnimator" */;
			developmentRegion = en;
			hasScannedForEncodings = 0;
			knownRegions = (
				en,
				Base,
			);
			mainGroup = C9B505172F763FAB00B85345;
			minimizedProjectReferenceProxies = 1;
			preferredProjectObjectVersion = 77;
			productRefGroup = C9B505212F763FAB00B85345 /* Products */;
			projectDirPath = "";
			projectRoot = "";
			targets = (
				C9B5051F2F763FAB00B85345 /* ImageZoomAnimator */,
			);
		};
/* End PBXProject section */

/* Begin PBXResourcesBuildPhase section */
		C9B5051E2F763FAB00B85345 /* Resources */ = {
			isa = PBXResourcesBuildPhase;
			buildActionMask = 2147483647;
			files = (
				C9B505422F763FAB00B85345 /* Assets.xcassets in Resources */,
				C9B505442F763FAB00B85345 /* LaunchScreen.storyboard in Resources */,
			);
			runOnlyForDeploymentPostprocessing = 0;
		};
/* End PBXResourcesBuildPhase section */

/* Begin PBXSourcesBuildPhase section */
		C9B5051C2F763FAB00B85345 /* Sources */ = {
			isa = PBXSourcesBuildPhase;
			buildActionMask = 2147483647;
			files = (
				C900E1BE2A737270001C819C /* ImageItem.swift in Sources */,
				C900E1B82A73722D001C819C /* ImageFeedViewController.swift in Sources */,
				C900E1BA2A737243001C819C /* ImageCell.swift in Sources */,
				C9F91D132A737AFC00F6F743 /* LocalImageProvider.swift in Sources */,
				C900E1C02A737289001C819C /* ImageZoomAnimating.swift in Sources */,
				C9B505462F763FAB00B85345 /* AppDelegate.swift in Sources */,
				C9B505472F763FAB00B85345 /* SceneDelegate.swift in Sources */,
			);
			runOnlyForDeploymentPostprocessing = 0;
		};
/* End PBXSourcesBuildPhase section */

/* Begin PBXVariantGroup section */
		C9B5053C2F763FAB00B85345 /* LaunchScreen.storyboard */ = {
			isa = PBXVariantGroup;
			children = (
				C9B5053B2F763FAB00B85345 /* Base */,
			);
			name = LaunchScreen.storyboard;
			sourceTree = "<group>";
		};
/* End PBXVariantGroup section */

/* Begin XCBuildConfiguration section */
		C9B505342F763FAB00B85345 /* Debug */ = {
			isa = XCBuildConfiguration;
			buildSettings = {
				ASSETCATALOG_COMPILER_APPICON_NAME = AppIcon;
				ASSETCATALOG_COMPILER_GLOBAL_ACCENT_COLOR_NAME = AccentColor;
				CODE_SIGN_STYLE = Automatic;
				CURRENT_PROJECT_VERSION = 1;
				GENERATE_INFOPLIST_FILE = YES;
				INFOPLIST_FILE = ImageZoomAnimator/Info.plist;
				INFOPLIST_KEY_UIApplicationSupportsIndirectInputEvents = YES;
				INFOPLIST_KEY_UILaunchStoryboardName = LaunchScreen;
				INFOPLIST_KEY_UISupportedInterfaceOrientations_iPad = "UIInterfaceOrientationPortrait UIInterfaceOrientationPortraitUpsideDown UIInterfaceOrientationLandscapeLeft UIInterfaceOrientationLandscapeRight";
				INFOPLIST_KEY_UISupportedInterfaceOrientations_iPhone = "UIInterfaceOrientationPortrait UIInterfaceOrientationLandscapeLeft UIInterfaceOrientationLandscapeRight";
				IPHONEOS_DEPLOYMENT_TARGET = 15.6;
				LD_RUNPATH_SEARCH_PATHS = (
					"$(inherited)",
					"@executable_path/Frameworks",
				);
				MARKETING_VERSION = 1.0;
				PRODUCT_BUNDLE_IDENTIFIER = com.grigory.zoom.animator.ImageZoomAnimator;
				PRODUCT_NAME = "$(TARGET_NAME)";
				STRING_CATALOG_GENERATE_SYMBOLS = YES;
				SWIFT_APPROACHABLE_CONCURRENCY = YES;
				SWIFT_DEFAULT_ACTOR_ISOLATION = MainActor;
				SWIFT_EMIT_LOC_STRINGS = YES;
				SWIFT_UPCOMING_FEATURE_MEMBER_IMPORT_VISIBILITY = YES;
				SWIFT_VERSION = 5.0;
				TARGETED_DEVICE_FAMILY = "1,2";
			};
			name = Debug;
		};
		C9B505352F763FAB00B85345 /* Release */ = {
			isa = XCBuildConfiguration;
			buildSettings = {
				ASSETCATALOG_COMPILER_APPICON_NAME = AppIcon;
				ASSETCATALOG_COMPILER_GLOBAL_ACCENT_COLOR_NAME = AccentColor;
				CODE_SIGN_STYLE = Automatic;
				CURRENT_PROJECT_VERSION = 1;
				GENERATE_INFOPLIST_FILE = YES;
				INFOPLIST_FILE = ImageZoomAnimator/Info.plist;
				INFOPLIST_KEY_UIApplicationSupportsIndirectInputEvents = YES;
				INFOPLIST_KEY_UILaunchStoryboardName = LaunchScreen;
				INFOPLIST_KEY_UISupportedInterfaceOrientations_iPad = "UIInterfaceOrientationPortrait UIInterfaceOrientationPortraitUpsideDown UIInterfaceOrientationLandscapeLeft UIInterfaceOrientationLandscapeRight";
				INFOPLIST_KEY_UISupportedInterfaceOrientations_iPhone = "UIInterfaceOrientationPortrait UIInterfaceOrientationLandscapeLeft UIInterfaceOrientationLandscapeRight";
				IPHONEOS_DEPLOYMENT_TARGET = 15.6;
				LD_RUNPATH_SEARCH_PATHS = (
					"$(inherited)",
					"@executable_path/Frameworks",
				);
				MARKETING_VERSION = 1.0;
				PRODUCT_BUNDLE_IDENTIFIER = com.grigory.zoom.animator.ImageZoomAnimator;
				PRODUCT_NAME = "$(TARGET_NAME)";
				STRING_CATALOG_GENERATE_SYMBOLS = YES;
				SWIFT_APPROACHABLE_CONCURRENCY = YES;
				SWIFT_DEFAULT_ACTOR_ISOLATION = MainActor;
				SWIFT_EMIT_LOC_STRINGS = YES;
				SWIFT_UPCOMING_FEATURE_MEMBER_IMPORT_VISIBILITY = YES;
				SWIFT_VERSION = 5.0;
				TARGETED_DEVICE_FAMILY = "1,2";
			};
			name = Release;
		};
		C9B505362F763FAB00B85345 /* Debug */ = {
			isa = XCBuildConfiguration;
			buildSettings = {
				ALWAYS_SEARCH_USER_PATHS = NO;
				ASSETCATALOG_COMPILER_GENERATE_SWIFT_ASSET_SYMBOL_EXTENSIONS = YES;
				CLANG_ANALYZER_NONNULL = YES;
				CLANG_ANALYZER_NUMBER_OBJECT_CONVERSION = YES_AGGRESSIVE;
				CLANG_CXX_LANGUAGE_STANDARD = "gnu++20";
				CLANG_ENABLE_MODULES = YES;
				CLANG_ENABLE_OBJC_ARC = YES;
				CLANG_ENABLE_OBJC_WEAK = YES;
				CLANG_WARN_BLOCK_CAPTURE_AUTORELEASING = YES;
				CLANG_WARN_BOOL_CONVERSION = YES;
				CLANG_WARN_COMMA = YES;
				CLANG_WARN_CONSTANT_CONVERSION = YES;
				CLANG_WARN_DEPRECATED_OBJC_IMPLEMENTATIONS = YES;
				CLANG_WARN_DIRECT_OBJC_ISA_USAGE = YES_ERROR;
				CLANG_WARN_DOCUMENTATION_COMMENTS = YES;
				CLANG_WARN_EMPTY_BODY = YES;
				CLANG_WARN_ENUM_CONVERSION = YES;
				CLANG_WARN_INFINITE_RECURSION = YES;
				CLANG_WARN_INT_CONVERSION = YES;
				CLANG_WARN_NON_LITERAL_NULL_CONVERSION = YES;
				CLANG_WARN_OBJC_IMPLICIT_RETAIN_SELF = YES;
				CLANG_WARN_OBJC_LITERAL_CONVERSION = YES;
				CLANG_WARN_OBJC_ROOT_CLASS = YES_ERROR;
				CLANG_WARN_QUOTED_INCLUDE_IN_FRAMEWORK_HEADER = YES;
				CLANG_WARN_RANGE_LOOP_ANALYSIS = YES;
				CLANG_WARN_STRICT_PROTOTYPES = YES;
				CLANG_WARN_SUSPICIOUS_MOVE = YES;
				CLANG_WARN_UNGUARDED_AVAILABILITY = YES_AGGRESSIVE;
				CLANG_WARN_UNREACHABLE_CODE = YES;
				CLANG_WARN__DUPLICATE_METHOD_MATCH = YES;
				COPY_PHASE_STRIP = NO;
				DEBUG_INFORMATION_FORMAT = dwarf;
				ENABLE_STRICT_OBJC_MSGSEND = YES;
				ENABLE_TESTABILITY = YES;
				ENABLE_USER_SCRIPT_SANDBOXING = YES;
				GCC_C_LANGUAGE_STANDARD = gnu17;
				GCC_DYNAMIC_NO_PIC = NO;
				GCC_NO_COMMON_BLOCKS = YES;
				GCC_OPTIMIZATION_LEVEL = 0;
				GCC_PREPROCESSOR_DEFINITIONS = (
					"DEBUG=1",
					"$(inherited)",
				);
				GCC_WARN_64_TO_32_BIT_CONVERSION = YES;
				GCC_WARN_ABOUT_RETURN_TYPE = YES_ERROR;
				GCC_WARN_UNDECLARED_SELECTOR = YES;
				GCC_WARN_UNINITIALIZED_AUTOS = YES_AGGRESSIVE;
				GCC_WARN_UNUSED_FUNCTION = YES;
				GCC_WARN_UNUSED_VARIABLE = YES;
				IPHONEOS_DEPLOYMENT_TARGET = 26.2;
				LOCALIZATION_PREFERS_STRING_CATALOGS = YES;
				MTL_ENABLE_DEBUG_INFO = INCLUDE_SOURCE;
				MTL_FAST_MATH = YES;
				ONLY_ACTIVE_ARCH = YES;
				SDKROOT = iphoneos;
				SWIFT_ACTIVE_COMPILATION_CONDITIONS = "DEBUG $(inherited)";
				SWIFT_OPTIMIZATION_LEVEL = "-Onone";
			};
			name = Debug;
		};
		C9B505372F763FAB00B85345 /* Release */ = {
			isa = XCBuildConfiguration;
			buildSettings = {
				ALWAYS_SEARCH_USER_PATHS = NO;
				ASSETCATALOG_COMPILER_GENERATE_SWIFT_ASSET_SYMBOL_EXTENSIONS = YES;
				CLANG_ANALYZER_NONNULL = YES;
				CLANG_ANALYZER_NUMBER_OBJECT_CONVERSION = YES_AGGRESSIVE;
				CLANG_CXX_LANGUAGE_STANDARD = "gnu++20";
				CLANG_ENABLE_MODULES = YES;
				CLANG_ENABLE_OBJC_ARC = YES;
				CLANG_ENABLE_OBJC_WEAK = YES;
				CLANG_WARN_BLOCK_CAPTURE_AUTORELEASING = YES;
				CLANG_WARN_BOOL_CONVERSION = YES;
				CLANG_WARN_COMMA = YES;
				CLANG_WARN_CONSTANT_CONVERSION = YES;
				CLANG_WARN_DEPRECATED_OBJC_IMPLEMENTATIONS = YES;
				CLANG_WARN_DIRECT_OBJC_ISA_USAGE = YES_ERROR;
				CLANG_WARN_DOCUMENTATION_COMMENTS = YES;
				CLANG_WARN_EMPTY_BODY = YES;
				CLANG_WARN_ENUM_CONVERSION = YES;
				CLANG_WARN_INFINITE_RECURSION = YES;
				CLANG_WARN_INT_CONVERSION = YES;
				CLANG_WARN_NON_LITERAL_NULL_CONVERSION = YES;
				CLANG_WARN_OBJC_IMPLICIT_RETAIN_SELF = YES;
				CLANG_WARN_OBJC_LITERAL_CONVERSION = YES;
				CLANG_WARN_OBJC_ROOT_CLASS = YES_ERROR;
				CLANG_WARN_QUOTED_INCLUDE_IN_FRAMEWORK_HEADER = YES;
				CLANG_WARN_RANGE_LOOP_ANALYSIS = YES;
				CLANG_WARN_STRICT_PROTOTYPES = YES;
				CLANG_WARN_SUSPICIOUS_MOVE = YES;
				CLANG_WARN_UNGUARDED_AVAILABILITY = YES_AGGRESSIVE;
				CLANG_WARN_UNREACHABLE_CODE = YES;
				CLANG_WARN__DUPLICATE_METHOD_MATCH = YES;
				COPY_PHASE_STRIP = NO;
				DEBUG_INFORMATION_FORMAT = "dwarf-with-dsym";
				ENABLE_NS_ASSERTIONS = NO;
				ENABLE_STRICT_OBJC_MSGSEND = YES;
				ENABLE_USER_SCRIPT_SANDBOXING = YES;
				GCC_C_LANGUAGE_STANDARD = gnu17;
				GCC_NO_COMMON_BLOCKS = YES;
				GCC_WARN_64_TO_32_BIT_CONVERSION = YES;
				GCC_WARN_ABOUT_RETURN_TYPE = YES_ERROR;
				GCC_WARN_UNDECLARED_SELECTOR = YES;
				GCC_WARN_UNINITIALIZED_AUTOS = YES_AGGRESSIVE;
				GCC_WARN_UNUSED_FUNCTION = YES;
				GCC_WARN_UNUSED_VARIABLE = YES;
				IPHONEOS_DEPLOYMENT_TARGET = 26.2;
				LOCALIZATION_PREFERS_STRING_CATALOGS = YES;
				MTL_ENABLE_DEBUG_INFO = NO;
				MTL_FAST_MATH = YES;
				SDKROOT = iphoneos;
				SWIFT_COMPILATION_MODE = wholemodule;
				VALIDATE_PRODUCT = YES;
			};
			name = Release;
		};
/* End XCBuildConfiguration section */

/* Begin XCConfigurationList section */
		C9B5051B2F763FAB00B85345 /* Build configuration list for PBXProject "ImageZoomAnimator" */ = {
			isa = XCConfigurationList;
			buildConfigurations = (
				C9B505362F763FAB00B85345 /* Debug */,
				C9B505372F763FAB00B85345 /* Release */,
			);
			defaultConfigurationIsVisible = 0;
			defaultConfigurationName = Release;
		};
		C9B505332F763FAB00B85345 /* Build configuration list for PBXNativeTarget "ImageZoomAnimator" */ = {
			isa = XCConfigurationList;
			buildConfigurations = (
				C9B505342F763FAB00B85345 /* Debug */,
				C9B505352F763FAB00B85345 /* Release */,
			);
			defaultConfigurationIsVisible = 0;
			defaultConfigurationName = Release;
		};
/* End XCConfigurationList section */
	};
	rootObject = C9B505182F763FAB00B85345 /* Project object */;
}
